{
  "name": "termcoin",
  "version": "0.0.8",
  "lockfileVersion": 2,
  "requires": true,
  "packages": {
    "": {
      "name": "termcoin",
      "version": "0.0.8",
      "dependencies": {
        "blessed": ">= 0.1.0",
        "coined": "https://github.com/PhantomRay/coined#854689200bad2126c328bbe5b7e398b193f06057"
      },
      "bin": {
        "termcoin": "bin/termcoin"
      },
      "devDependencies": {
        "rimraf": "2.2.8"
      }
    },
    "node_modules/async": {
      "version": "0.8.0",
      "resolved": "https://registry.npmjs.org/async/-/async-0.8.0.tgz",
      "integrity": "sha512-M2LC+aqW7VetFcnFiYEbjUsmASW6GSsMNkRzhUzwHoQNfNIRClf5GLgozwuJ4tAMLAfjywrKyQ2wWiODJivQmg=="
    },
    "node_modules/bcoin": {
      "version": "0.15.0",
      "resolved": "git+ssh://git@github.com/bcoin-org/bcoin.git#f939d73b388845ccd8859dc8e4746a86c9e92dbb",
      "integrity": "sha512-O9uwIoUN4jcg5RPRcN8O+TShcf4jKslrGQfOdXimNR05bxkRdZdSv/NHwk1yKS+OqxlKf/BTgkDggSv5o2vylw==",
      "license": "MIT",
      "dependencies": {
        "async": "^0.8.0",
        "bn.js": "^4.5.0",
        "elliptic": "^6.0.2",
        "hash.js": "^1.0.3",
        "inherits": "^2.0.1"
      }
    },
    "node_modules/blessed": {
      "version": "0.1.81",
      "resolved": "https://registry.npmjs.org/blessed/-/blessed-0.1.81.tgz",
      "integrity": "sha512-LoF5gae+hlmfORcG1M5+5XZi4LBmvlXTzwJWzUlPryN/SJdSflZvROM2TwkT0GMpq7oqT48NRd4GS7BiVBc5OQ==",
      "bin": {
        "blessed": "bin/tput.js"
      },
      "engines": {
        "node": ">= 0.8.0"
      }
    },
    "node_modules/bn.js": {
      "version": "4.12.0",
      "resolved": "https://registry.npmjs.org/bn.js/-/bn.js-4.12.0.tgz",
      "integrity": "sha512-c98Bf3tPniI+scsdk237ku1Dc3ujXQTSgyiPUDEOe7tRkhrqridvh8klBv0HCEso1OLOYcHuCv/cS6DNxKH+ZA=="
    },
    "node_modules/brorand": {
      "version": "1.1.0",
      "resolved": "https://registry.npmjs.org/brorand/-/brorand-1.1.0.tgz",
      "integrity": "sha512-cKV8tMCEpQs4hK/ik71d6LrPOnpkpGBR0wzxqr68g2m/LB2GxVYQroAjMJZRVM1Y4BCjCKc3vAamxSzOY2RP+w=="
    },
    "node_modules/coined": {
      "version": "0.0.5",
      "resolved": "git+ssh://git@github.com/PhantomRay/coined.git#854689200bad2126c328bbe5b7e398b193f06057",
      "integrity": "sha512-Yuu+fISbX/Hw2skPEIf+1+aIu8/t/cD4JxnRfPtWaf8NHxweZEIepDi226EN+XUSMqW+uCnXStVGjt+Ii66RcA==",
      "license": "MIT",
      "dependencies": {
        "bcoin": "https://github.com/bcoin-org/bcoin.git#f939d73b388845ccd8859dc8e4746a86c9e92dbb",
        "tiny": "0.0.10"
      },
      "bin": {
        "coined": "bin/coined"
      }
    },
    "node_modules/elliptic": {
      "version": "6.5.4",
      "resolved": "https://registry.npmjs.org/elliptic/-/elliptic-6.5.4.tgz",
      "integrity": "sha512-iLhC6ULemrljPZb+QutR5TQGB+pdW6KGD5RSegS+8sorOZT+rdQFbsQFJgvN3eRqNALqJer4oQ16YvJHlU8hzQ==",
      "dependencies": {
        "bn.js": "^4.11.9",
        "brorand": "^1.1.0",
        "hash.js": "^1.0.0",
        "hmac-drbg": "^1.0.1",
        "inherits": "^2.0.4",
        "minimalistic-assert": "^1.0.1",
        "minimalistic-crypto-utils": "^1.0.1"
      }
    },
    "node_modules/hash.js": {
      "version": "1.1.7",
      "resolved": "https://registry.npmjs.org/hash.js/-/hash.js-1.1.7.tgz",
      "integrity": "sha512-taOaskGt4z4SOANNseOviYDvjEJinIkRgmp7LbKP2YTTmVxWBl87s/uzK9r+44BclBSp2X7K1hqeNfz9JbBeXA==",
      "dependencies": {
        "inherits": "^2.0.3",
        "minimalistic-assert": "^1.0.1"
      }
    },
    "node_modules/hmac-drbg": {
      "version": "1.0.1",
      "resolved": "https://registry.npmjs.org/hmac-drbg/-/hmac-drbg-1.0.1.tgz",
      "integrity": "sha512-Tti3gMqLdZfhOQY1Mzf/AanLiqh1WTiJgEj26ZuYQ9fbkLomzGchCws4FyrSd4VkpBfiNhaE1On+lOz894jvXg==",
      "dependencies": {
        "hash.js": "^1.0.3",
        "minimalistic-assert": "^1.0.0",
        "minimalistic-crypto-utils": "^1.0.1"
      }
    },
    "node_modules/inherits": {
      "version": "2.0.4",
      "resolved": "https://registry.npmjs.org/inherits/-/inherits-2.0.4.tgz",
      "integrity": "sha512-k/vGaX4/Yla3WzyMCvTQOXYeIHvqOKtnqBduzTHpzpQZzAskKMhZ2K+EnBiSM9zGSoIFeMpXKxa4dYeZIQqewQ=="
    },
    "node_modules/lru-cache": {
      "version": "2.5.2",
      "resolved": "https://registry.npmjs.org/lru-cache/-/lru-cache-2.5.2.tgz",
      "integrity": "sha512-wyqfj+623mgqv+bpjTdivSoC/LtY9oOrmKz2Cke0NZcgYW9Kce/qWjd9e5PDYf8wuiKfVeo8VnyOSSyeRiUsLw=="
    },
    "node_modules/minimalistic-assert": {
      "version": "1.0.1",
      "resolved": "https://registry.npmjs.org/minimalistic-assert/-/minimalistic-assert-1.0.1.tgz",
      "integrity": "sha512-UtJcAD4yEaGtjPezWuO9wC4nwUnVH/8/Im3yEHQP4b67cXlD/Qr9hdITCU1xDbSEXg2XKNaP8jsReV7vQd00/A=="
    },
    "node_modules/minimalistic-crypto-utils": {
      "version": "1.0.1",
      "resolved": "https://registry.npmjs.org/minimalistic-crypto-utils/-/minimalistic-crypto-utils-1.0.1.tgz",
      "integrity": "sha512-JIYlbt6g8i5jKfJ3xz7rF0LXmv2TkDxBLUkiBeZ7bAx4GnnNMr8xFpGnOxn6GhTEHx3SjRrZEoU+j04prX1ktg=="
    },
    "node_modules/rimraf": {
      "version": "2.2.8",
      "resolved": "https://registry.npmjs.org/rimraf/-/rimraf-2.2.8.tgz",
      "integrity": "sha1-5Dm+Kq7jJzIZUnMPmaiSnk/FBYI=",
      "dev": true,
      "bin": {
        "rimraf": "bin.js"
      }
    },
    "node_modules/tiny": {
      "version": "0.0.10",
      "resolved": "https://registry.npmjs.org/tiny/-/tiny-0.0.10.tgz",
      "integrity": "sha512-BbTnGYnHGMf6/ctSctXyIGFQ3afpio2Xw2mlPONTL1pqeggpBAC80bZaoAJdsIqBFA8Ccp5ltJoz0YDWaxF3pg==",
      "dependencies": {
        "lru-cache": "~2.5.0"
      },
      "bin": {
        "tiny": "bin/tiny"
      },
      "engines": {
        "node": ">= 0.8.0"
      }
    }
  },
  "dependencies": {
    "async": {
      "version": "0.8.0",
      "resolved": "https://registry.npmjs.org/async/-/async-0.8.0.tgz",
      "integrity": "sha512-M2LC+aqW7VetFcnFiYEbjUsmASW6GSsMNkRzhUzwHoQNfNIRClf5GLgozwuJ4tAMLAfjywrKyQ2wWiODJivQmg=="
    },
    "bcoin": {
      "version": "git+ssh://git@github.com/bcoin-org/bcoin.git#f939d73b388845ccd8859dc8e4746a86c9e92dbb",
      "integrity": "sha512-O9uwIoUN4jcg5RPRcN8O+TShcf4jKslrGQfOdXimNR05bxkRdZdSv/NHwk1yKS+OqxlKf/BTgkDggSv5o2vylw==",
      "from": "bcoin@https://github.com/bcoin-org/bcoin.git#f939d73b388845ccd8859dc8e4746a86c9e92dbb",
      "requires": {
        "async": "^0.8.0",
        "bn.js": "^4.5.0",
        "elliptic": "^6.0.2",
        "hash.js": "^1.0.3",
        "inherits": "^2.0.1"
      }
    },
    "blessed": {
      "version": "0.1.81",
      "resolved": "https://registry.npmjs.org/blessed/-/blessed-0.1.81.tgz",
      "integrity": "sha512-LoF5gae+hlmfORcG1M5+5XZi4LBmvlXTzwJWzUlPryN/SJdSflZvROM2TwkT0GMpq7oqT48NRd4GS7BiVBc5OQ=="
    },
    "bn.js": {
      "version": "4.12.0",
      "resolved": "https://registry.npmjs.org/bn.js/-/bn.js-4.12.0.tgz",
      "integrity": "sha512-c98Bf3tPniI+scsdk237ku1Dc3ujXQTSgyiPUDEOe7tRkhrqridvh8klBv0HCEso1OLOYcHuCv/cS6DNxKH+ZA=="
    },
    "brorand": {
      "version": "1.1.0",
      "resolved": "https://registry.npmjs.org/brorand/-/brorand-1.1.0.tgz",
      "integrity": "sha512-cKV8tMCEpQs4hK/ik71d6LrPOnpkpGBR0wzxqr68g2m/LB2GxVYQroAjMJZRVM1Y4BCjCKc3vAamxSzOY2RP+w=="
    },
    "coined": {
      "version": "git+ssh://git@github.com/PhantomRay/coined.git#854689200bad2126c328bbe5b7e398b193f06057",
      "integrity": "sha512-Yuu+fISbX/Hw2skPEIf+1+aIu8/t/cD4JxnRfPtWaf8NHxweZEIepDi226EN+XUSMqW+uCnXStVGjt+Ii66RcA==",
      "from": "coined@https://github.com/PhantomRay/coined#854689200bad2126c328bbe5b7e398b193f06057",
      "requires": {
        "bcoin": "https://github.com/bcoin-org/bcoin.git#f939d73b388845ccd8859dc8e4746a86c9e92dbb",
        "tiny": "0.0.10"
      }
    },
    "elliptic": {
      "version": "6.5.4",
      "resolved": "https://registry.npmjs.org/elliptic/-/elliptic-6.5.4.tgz",
      "integrity": "sha512-iLhC6ULemrljPZb+QutR5TQGB+pdW6KGD5RSegS+8sorOZT+rdQFbsQFJgvN3eRqNALqJer4oQ16YvJHlU8hzQ==",
      "requires": {
        "bn.js": "^4.11.9",
        "brorand": "^1.1.0",
        "hash.js": "^1.0.0",
        "hmac-drbg": "^1.0.1",
        "inherits": "^2.0.4",
        "minimalistic-assert": "^1.0.1",
        "minimalistic-crypto-utils": "^1.0.1"
      }
    },
    "hash.js": {
      "version": "1.1.7",
      "resolved": "https://registry.npmjs.org/hash.js/-/hash.js-1.1.7.tgz",
      "integrity": "sha512-taOaskGt4z4SOANNseOviYDvjEJinIkRgmp7LbKP2YTTmVxWBl87s/uzK9r+44BclBSp2X7K1hqeNfz9JbBeXA==",
      "requires": {
        "inherits": "^2.0.3",
        "minimalistic-assert": "^1.0.1"
      }
    },
    "hmac-drbg": {
      "version": "1.0.1",
      "resolved": "https://registry.npmjs.org/hmac-drbg/-/hmac-drbg-1.0.1.tgz",
      "integrity": "sha512-Tti3gMqLdZfhOQY1Mzf/AanLiqh1WTiJgEj26ZuYQ9fbkLomzGchCws4FyrSd4VkpBfiNhaE1On+lOz894jvXg==",
      "requires": {
        "hash.js": "^1.0.3",
        "minimalistic-assert": "^1.0.0",
        "minimalistic-crypto-utils": "^1.0.1"
      }
    },
    "inherits": {
      "version": "2.0.4",
      "resolved": "https://registry.npmjs.org/inherits/-/inherits-2.0.4.tgz",
      "integrity": "sha512-k/vGaX4/Yla3WzyMCvTQOXYeIHvqOKtnqBduzTHpzpQZzAskKMhZ2K+EnBiSM9zGSoIFeMpXKxa4dYeZIQqewQ=="
    },
    "lru-cache": {
      "version": "2.5.2",
      "resolved": "https://registry.npmjs.org/lru-cache/-/lru-cache-2.5.2.tgz",
      "integrity": "sha512-wyqfj+623mgqv+bpjTdivSoC/LtY9oOrmKz2Cke0NZcgYW9Kce/qWjd9e5PDYf8wuiKfVeo8VnyOSSyeRiUsLw=="
    },
    "minimalistic-assert": {
      "version": "1.0.1",
      "resolved": "https://registry.npmjs.org/minimalistic-assert/-/minimalistic-assert-1.0.1.tgz",
      "integrity": "sha512-UtJcAD4yEaGtjPezWuO9wC4nwUnVH/8/Im3yEHQP4b67cXlD/Qr9hdITCU1xDbSEXg2XKNaP8jsReV7vQd00/A=="
    },
    "minimalistic-crypto-utils": {
      "version": "1.0.1",
      "resolved": "https://registry.npmjs.org/minimalistic-crypto-utils/-/minimalistic-crypto-utils-1.0.1.tgz",
      "integrity": "sha512-JIYlbt6g8i5jKfJ3xz7rF0LXmv2TkDxBLUkiBeZ7bAx4GnnNMr8xFpGnOxn6GhTEHx3SjRrZEoU+j04prX1ktg=="
    },
    "rimraf": {
      "version": "2.2.8",
      "resolved": "https://registry.npmjs.org/rimraf/-/rimraf-2.2.8.tgz",
      "integrity": "sha1-5Dm+Kq7jJzIZUnMPmaiSnk/FBYI=",
      "dev": true
    },
    "tiny": {
      "version": "0.0.10",
      "resolved": "https://registry.npmjs.org/tiny/-/tiny-0.0.10.tgz",
      "integrity": "sha512-BbTnGYnHGMf6/ctSctXyIGFQ3afpio2Xw2mlPONTL1pqeggpBAC80bZaoAJdsIqBFA8Ccp5ltJoz0YDWaxF3pg==",
      "requires": {
        "lru-cache": "~2.5.0"
      }
    }
  }
}
